// !$*UTF8*$!
{
	archiveVersion = 1;
	classes = {
	};
	objectVersion = 56;
	objects = {

/* Begin PBXBuildFile section */
		A0E2C2BE2A02F8E0003ED1FE /* AppDelegate.swift in Sources */ = {isa = PBXBuildFile; fileRef = A0E2C2BD2A02F8E0003ED1FE /* AppDelegate.swift */; };
		A0E2C2C02A02F8E0003ED1FE /* SceneDelegate.swift in Sources */ = {isa = PBXBuildFile; fileRef = A0E2C2BF2A02F8E0003ED1FE /* SceneDelegate.swift */; };
		A0E2C2C22A02F8E0003ED1FE /* ViewController.swift in Sources */ = {isa = PBXBuildFile; fileRef = A0E2C2C12A02F8E0003ED1FE /* ViewController.swift */; };
		A0E2C2C52A02F8E0003ED1FE /* Main.storyboard in Resources */ = {isa = PBXBuildFile; fileRef = A0E2C2C32A02F8E0003ED1FE /* Main.storyboard */; };
		A0E2C2C72A02F8E2003ED1FE /* Assets.xcassets in Resources */ = {isa = PBXBuildFile; fileRef = A0E2C2C62A02F8E2003ED1FE /* Assets.xcassets */; };
		A0E2C2CA2A02F8E2003ED1FE /* LaunchScreen.storyboard in Resources */ = {isa = PBXBuildFile; fileRef = A0E2C2C82A02F8E2003ED1FE /* LaunchScreen.storyboard */; };
		A0E2C2D22A08302F003ED1FE /* SecondControllerViewController.swift in Sources */ = {isa = PBXBuildFile; fileRef = A0E2C2D12A08302F003ED1FE /* SecondControllerViewController.swift */; };
		A0E2C2F92A083583003ED1FE /* WebKit.framework in Frameworks */ = {isa = PBXBuildFile; fileRef = A0E2C2F82A083583003ED1FE /* WebKit.framework */; };
/* End PBXBuildFile section */

/* Begin PBXFileReference section */
		A0E2C2BA2A02F8E0003ED1FE /* FinalProjectNicoRoss.app */ = {isa = PBXFileReference; explicitFileType = wrapper.application; includeInIndex = 0; path = FinalProjectNicoRoss.app; sourceTree = BUILT_PRODUCTS_DIR; };
		A0E2C2BD2A02F8E0003ED1FE /* AppDelegate.swift */ = {isa = PBXFileReference; lastKnownFileType = sourcecode.swift; path = AppDelegate.swift; sourceTree = "<group>"; };
		A0E2C2BF2A02F8E0003ED1FE /* SceneDelegate.swift */ = {isa = PBXFileReference; lastKnownFileType = sourcecode.swift; path = SceneDelegate.swift; sourceTree = "<group>"; };
		A0E2C2C12A02F8E0003ED1FE /* ViewController.swift */ = {isa = PBXFileReference; lastKnownFileType = sourcecode.swift; path = ViewController.swift; sourceTree = "<group>"; };
		A0E2C2C42A02F8E0003ED1FE /* Base */ = {isa = PBXFileReference; lastKnownFileType = file.storyboard; name = Base; path = Base.lproj/Main.storyboard; sourceTree = "<group>"; };
		A0E2C2C62A02F8E2003ED1FE /* Assets.xcassets */ = {isa = PBXFileReference; lastKnownFileType = folder.assetcatalog; path = Assets.xcassets; sourceTree = "<group>"; };
		A0E2C2C92A02F8E2003ED1FE /* Base */ = {isa = PBXFileReference; lastKnownFileType = file.storyboard; name = Base; path = Base.lproj/LaunchScreen.storyboard; sourceTree = "<group>"; };
		A0E2C2CB2A02F8E2003ED1FE /* Info.plist */ = {isa = PBXFileReference; lastKnownFileType = text.plist.xml; path = Info.plist; sourceTree = "<group>"; };
		A0E2C2D12A08302F003ED1FE /* SecondControllerViewController.swift */ = {isa = PBXFileReference; lastKnownFileType = sourcecode.swift; path = SecondControllerViewController.swift; sourceTree = "<group>"; };
		A0E2C2F82A083583003ED1FE /* WebKit.framework */ = {isa = PBXFileReference; lastKnownFileType = wrapper.framework; name = WebKit.framework; path = System/Library/Frameworks/WebKit.framework; sourceTree = SDKROOT; };
/* End PBXFileReference section */

/* Begin PBXFrameworksBuildPhase section */
		A0E2C2B72A02F8E0003ED1FE /* Frameworks */ = {
			isa = PBXFrameworksBuildPhase;
			buildActionMask = 2147483647;
			files = (
				A0E2C2F92A083583003ED1FE /* WebKit.framework in Frameworks */,
			);
			runOnlyForDeploymentPostprocessing = 0;
		};
/* End PBXFrameworksBuildPhase section */

/* Begin PBXGroup section */
		A0E2C2B12A02F8E0003ED1FE = {
			isa = PBXGroup;
			children = (
				A0E2C2BC2A02F8E0003ED1FE /* FinalProjectNicoRoss */,
				A0E2C2BB2A02F8E0003ED1FE /* Products */,
				A0E2C2F72A083583003ED1FE /* Frameworks */,
			);
			sourceTree = "<group>";
		};
		A0E2C2BB2A02F8E0003ED1FE /* Products */ = {
			isa = PBXGroup;
			children = (
				A0E2C2BA2A02F8E0003ED1FE /* FinalProjectNicoRoss.app */,
			);
			name = Products;
			sourceTree = "<group>";
		};
		A0E2C2BC2A02F8E0003ED1FE /* FinalProjectNicoRoss */ = {
			isa = PBXGroup;
			children = (
				A0E2C2BD2A02F8E0003ED1FE /* AppDelegate.swift */,
				A0E2C2BF2A02F8E0003ED1FE /* SceneDelegate.swift */,
				A0E2C2C12A02F8E0003ED1FE /* ViewController.swift */,
				A0E2C2C32A02F8E0003ED1FE /* Main.storyboard */,
				A0E2C2D12A08302F003ED1FE /* SecondControllerViewController.swift */,
				A0E2C2C62A02F8E2003ED1FE /* Assets.xcassets */,
				A0E2C2C82A02F8E2003ED1FE /* LaunchScreen.storyboard */,
				A0E2C2CB2A02F8E2003ED1FE /* Info.plist */,
			);
			path = FinalProjectNicoRoss;
			sourceTree = "<group>";
		};
		A0E2C2F72A083583003ED1FE /* Frameworks */ = {
			isa = PBXGroup;
			children = (
				A0E2C2F82A083583003ED1FE /* WebKit.framework */,
			);
			name = Frameworks;
			sourceTree = "<group>";
		};
/* End PBXGroup section */

/* Begin PBXNativeTarget section */
		A0E2C2B92A02F8E0003ED1FE /* FinalProjectNicoRoss */ = {
			isa = PBXNativeTarget;
			buildConfigurationList = A0E2C2CE2A02F8E2003ED1FE /* Build configuration list for PBXNativeTarget "FinalProjectNicoRoss" */;
			buildPhases = (
				A0E2C2B62A02F8E0003ED1FE /* Sources */,
				A0E2C2B72A02F8E0003ED1FE /* Frameworks */,
				A0E2C2B82A02F8E0003ED1FE /* Resources */,
			);
			buildRules = (
			);
			dependencies = (
			);
			name = FinalProjectNicoRoss;
			productName = FinalProjectNicoRoss;
			productReference = A0E2C2BA2A02F8E0003ED1FE /* FinalProjectNicoRoss.app */;
			productType = "com.apple.product-type.application";
		};
/* End PBXNativeTarget section */

/* Begin PBXProject section */
		A0E2C2B22A02F8E0003ED1FE /* Project object */ = {
			isa = PBXProject;
			attributes = {
				BuildIndependentTargetsInParallel = 1;
				LastSwiftUpdateCheck = 1430;
				LastUpgradeCheck = 1430;
				TargetAttributes = {
					A0E2C2B92A02F8E0003ED1FE = {
						CreatedOnToolsVersion = 14.3;
					};
				};
			};
			buildConfigurationList = A0E2C2B52A02F8E0003ED1FE /* Build configuration list for PBXProject "FinalProjectNicoRoss" */;
			compatibilityVersion = "Xcode 14.0";
			developmentRegion = en;
			hasScannedForEncodings = 0;
			knownRegions = (
				en,
				Base,
			);
			mainGroup = A0E2C2B12A02F8E0003ED1FE;
			productRefGroup = A0E2C2BB2A02F8E0003ED1FE /* Products */;
			projectDirPath = "";
			projectRoot = "";
			targets = (
				A0E2C2B92A02F8E0003ED1FE /* FinalProjectNicoRoss */,
			);
		};
/* End PBXProject section */

/* Begin PBXResourcesBuildPhase section */
		A0E2C2B82A02F8E0003ED1FE /* Resources */ = {
			isa = PBXResourcesBuildPhase;
			buildActionMask = 2147483647;
			files = (
				A0E2C2CA2A02F8E2003ED1FE /* LaunchScreen.storyboard in Resources */,
				A0E2C2C72A02F8E2003ED1FE /* Assets.xcassets in Resources */,
				A0E2C2C52A02F8E0003ED1FE /* Main.storyboard in Resources */,
			);
			runOnlyForDeploymentPostprocessing = 0;
		};
/* End PBXResourcesBuildPhase section */

/* Begin PBXSourcesBuildPhase section */
		A0E2C2B62A02F8E0003ED1FE /* Sources */ = {
			isa = PBXSourcesBuildPhase;
			buildActionMask = 2147483647;
			files = (
				A0E2C2C22A02F8E0003ED1FE /* ViewController.swift in Sources */,
				A0E2C2BE2A02F8E0003ED1FE /* AppDelegate.swift in Sources */,
				A0E2C2D22A08302F003ED1FE /* SecondControllerViewController.swift in Sources */,
				A0E2C2C02A02F8E0003ED1FE /* SceneDelegate.swift in Sources */,
			);
			runOnlyForDeploymentPostprocessing = 0;
		};
/* End PBXSourcesBuildPhase section */

/* Begin PBXVariantGroup section */
		A0E2C2C32A02F8E0003ED1FE /* Main.storyboard */ = {
			isa = PBXVariantGroup;
			children = (
				A0E2C2C42A02F8E0003ED1FE /* Base */,
			);
			name = Main.storyboard;
			sourceTree = "<group>";
		};
		A0E2C2C82A02F8E2003ED1FE /* LaunchScreen.storyboard */ = {
			isa = PBXVariantGroup;
			children = (
				A0E2C2C92A02F8E2003ED1FE /* Base */,
			);
			name = LaunchScreen.storyboard;
			sourceTree = "<group>";
		};
/* End PBXVariantGroup section */

/* Begin XCBuildConfiguration section */
		A0E2C2CC2A02F8E2003ED1FE /* Debug */ = {
			isa = XCBuildConfiguration;
			buildSettings = {
				ALWAYS_SEARCH_USER_PATHS = NO;
				CLANG_ANALYZER_NONNULL = YES;
				CLANG_ANALYZER_NUMBER_OBJECT_CONVERSION = YES_AGGRESSIVE;
				CLANG_CXX_LANGUAGE_STANDARD = "gnu++20";
				CLANG_ENABLE_MODULES = YES;
				CLANG_ENABLE_OBJC_ARC = YES;
				CLANG_ENABLE_OBJC_WEAK = YES;
				CLANG_WARN_BLOCK_CAPTURE_AUTORELEASING = YES;
				CLANG_WARN_BOOL_CONVERSION = YES;
				CLANG_WARN_COMMA = YES;
				CLANG_WARN_CONSTANT_CONVERSION = YES;
				CLANG_WARN_DEPRECATED_OBJC_IMPLEMENTATIONS = YES;
				CLANG_WARN_DIRECT_OBJC_ISA_USAGE = YES_ERROR;
				CLANG_WARN_DOCUMENTATION_COMMENTS = YES;
				CLANG_WARN_EMPTY_BODY = YES;
				CLANG_WARN_ENUM_CONVERSION = YES;
				CLANG_WARN_INFINITE_RECURSION = YES;
				CLANG_WARN_INT_CONVERSION = YES;
				CLANG_WARN_NON_LITERAL_NULL_CONVERSION = YES;
				CLANG_WARN_OBJC_IMPLICIT_RETAIN_SELF = YES;
				CLANG_WARN_OBJC_LITERAL_CONVERSION = YES;
				CLANG_WARN_OBJC_ROOT_CLASS = YES_ERROR;
				CLANG_WARN_QUOTED_INCLUDE_IN_FRAMEWORK_HEADER = YES;
				CLANG_WARN_RANGE_LOOP_ANALYSIS = YES;
				CLANG_WARN_STRICT_PROTOTYPES = YES;
				CLANG_WARN_SUSPICIOUS_MOVE = YES;
				CLANG_WARN_UNGUARDED_AVAILABILITY = YES_AGGRESSIVE;
				CLANG_WARN_UNREACHABLE_CODE = YES;
				CLANG_WARN__DUPLICATE_METHOD_MATCH = YES;
				COPY_PHASE_STRIP = NO;
				DEBUG_INFORMATION_FORMAT = dwarf;
				ENABLE_STRICT_OBJC_MSGSEND = YES;
				ENABLE_TESTABILITY = YES;
				GCC_C_LANGUAGE_STANDARD = gnu11;
				GCC_DYNAMIC_NO_PIC = NO;
				GCC_NO_COMMON_BLOCKS = YES;
				GCC_OPTIMIZATION_LEVEL = 0;
				GCC_PREPROCESSOR_DEFINITIONS = (
					"DEBUG=1",
					"$(inherited)",
				);
				GCC_WARN_64_TO_32_BIT_CONVERSION = YES;
				GCC_WARN_ABOUT_RETURN_TYPE = YES_ERROR;
				GCC_WARN_UNDECLARED_SELECTOR = YES;
				GCC_WARN_UNINITIALIZED_AUTOS = YES_AGGRESSIVE;
				GCC_WARN_UNUSED_FUNCTION = YES;
				GCC_WARN_UNUSED_VARIABLE = YES;
				IPHONEOS_DEPLOYMENT_TARGET = 16.4;
				MTL_ENABLE_DEBUG_INFO = INCLUDE_SOURCE;
				MTL_FAST_MATH = YES;
				ONLY_ACTIVE_ARCH = YES;
				SDKROOT = iphoneos;
				SWIFT_ACTIVE_COMPILATION_CONDITIONS = DEBUG;
				SWIFT_OPTIMIZATION_LEVEL = "-Onone";
			};
			name = Debug;
		};
		A0E2C2CD2A02F8E2003ED1FE /* Release */ = {
			isa = XCBuildConfiguration;
			buildSettings = {
				ALWAYS_SEARCH_USER_PATHS = NO;
				CLANG_ANALYZER_NONNULL = YES;
				CLANG_ANALYZER_NUMBER_OBJECT_CONVERSION = YES_AGGRESSIVE;
				CLANG_CXX_LANGUAGE_STANDARD = "gnu++20";
				CLANG_ENABLE_MODULES = YES;
				CLANG_ENABLE_OBJC_ARC = YES;
				CLANG_ENABLE_OBJC_WEAK = YES;
				CLANG_WARN_BLOCK_CAPTURE_AUTORELEASING = YES;
				CLANG_WARN_BOOL_CONVERSION = YES;
				CLANG_WARN_COMMA = YES;
				CLANG_WARN_CONSTANT_CONVERSION = YES;
				CLANG_WARN_DEPRECATED_OBJC_IMPLEMENTATIONS = YES;
				CLANG_WARN_DIRECT_OBJC_ISA_USAGE = YES_ERROR;
				CLANG_WARN_DOCUMENTATION_COMMENTS = YES;
				CLANG_WARN_EMPTY_BODY = YES;
				CLANG_WARN_ENUM_CONVERSION = YES;
				CLANG_WARN_INFINITE_RECURSION = YES;
				CLANG_WARN_INT_CONVERSION = YES;
				CLANG_WARN_NON_LITERAL_NULL_CONVERSION = YES;
				CLANG_WARN_OBJC_IMPLICIT_RETAIN_SELF = YES;
				CLANG_WARN_OBJC_LITERAL_CONVERSION = YES;
				CLANG_WARN_OBJC_ROOT_CLASS = YES_ERROR;
				CLANG_WARN_QUOTED_INCLUDE_IN_FRAMEWORK_HEADER = YES;
				CLANG_WARN_RANGE_LOOP_ANALYSIS = YES;
				CLANG_WARN_STRICT_PROTOTYPES = YES;
				CLANG_WARN_SUSPICIOUS_MOVE = YES;
				CLANG_WARN_UNGUARDED_AVAILABILITY = YES_AGGRESSIVE;
				CLANG_WARN_UNREACHABLE_CODE = YES;
				CLANG_WARN__DUPLICATE_METHOD_MATCH = YES;
				COPY_PHASE_STRIP = NO;
				DEBUG_INFORMATION_FORMAT = "dwarf-with-dsym";
				ENABLE_NS_ASSERTIONS = NO;
				ENABLE_STRICT_OBJC_MSGSEND = YES;
				GCC_C_LANGUAGE_STANDARD = gnu11;
				GCC_NO_COMMON_BLOCKS = YES;
				GCC_WARN_64_TO_32_BIT_CONVERSION = YES;
				GCC_WARN_ABOUT_RETURN_TYPE = YES_ERROR;
				GCC_WARN_UNDECLARED_SELECTOR = YES;
				GCC_WARN_UNINITIALIZED_AUTOS = YES_AGGRESSIVE;
				GCC_WARN_UNUSED_FUNCTION = YES;
				GCC_WARN_UNUSED_VARIABLE = YES;
				IPHONEOS_DEPLOYMENT_TARGET = 16.4;
				MTL_ENABLE_DEBUG_INFO = NO;
				MTL_FAST_MATH = YES;
				SDKROOT = iphoneos;
				SWIFT_COMPILATION_MODE = wholemodule;
				SWIFT_OPTIMIZATION_LEVEL = "-O";
				VALIDATE_PRODUCT = YES;
			};
			name = Release;
		};
		A0E2C2CF2A02F8E2003ED1FE /* Debug */ = {
			isa = XCBuildConfiguration;
			buildSettings = {
				ASSETCATALOG_COMPILER_APPICON_NAME = AppIcon;
				ASSETCATALOG_COMPILER_GLOBAL_ACCENT_COLOR_NAME = AccentColor;
				CODE_SIGN_STYLE = Automatic;
				CURRENT_PROJECT_VERSION = 1;
				GENERATE_INFOPLIST_FILE = YES;
				INFOPLIST_FILE = FinalProjectNicoRoss/Info.plist;
				INFOPLIST_KEY_UIApplicationSupportsIndirectInputEvents = YES;
				INFOPLIST_KEY_UILaunchStoryboardName = LaunchScreen;
				INFOPLIST_KEY_UIMainStoryboardFile = Main;
				INFOPLIST_KEY_UISupportedInterfaceOrientations_iPad = "UIInterfaceOrientationPortrait UIInterfaceOrientationPortraitUpsideDown UIInterfaceOrientationLandscapeLeft UIInterfaceOrientationLandscapeRight";
				INFOPLIST_KEY_UISupportedInterfaceOrientations_iPhone = "UIInterfaceOrientationPortrait UIInterfaceOrientationLandscapeLeft UIInterfaceOrientationLandscapeRight";
				LD_RUNPATH_SEARCH_PATHS = (
					"$(inherited)",
					"@executable_path/Frameworks",
				);
				MARKETING_VERSION = 1.0;
				PRODUCT_BUNDLE_IDENTIFIER = shp.org.FinalProjectNicoRoss;
				PRODUCT_NAME = "$(TARGET_NAME)";
				SWIFT_EMIT_LOC_STRINGS = YES;
				SWIFT_VERSION = 5.0;
				TARGETED_DEVICE_FAMILY = "1,2";
			};
			name = Debug;
		};
		A0E2C2D02A02F8E2003ED1FE /* Release */ = {
			isa = XCBuildConfiguration;
			buildSettings = {
				ASSETCATALOG_COMPILER_APPICON_NAME = AppIcon;
				ASSETCATALOG_COMPILER_GLOBAL_ACCENT_COLOR_NAME = AccentColor;
				CODE_SIGN_STYLE = Automatic;
				CURRENT_PROJECT_VERSION = 1;
				GENERATE_INFOPLIST_FILE = YES;
				INFOPLIST_FILE = FinalProjectNicoRoss/Info.plist;
				INFOPLIST_KEY_UIApplicationSupportsIndirectInputEvents = YES;
				INFOPLIST_KEY_UILaunchStoryboardName = LaunchScreen;
				INFOPLIST_KEY_UIMainStoryboardFile = Main;
				INFOPLIST_KEY_UISupportedInterfaceOrientations_iPad = "UIInterfaceOrientationPortrait UIInterfaceOrientationPortraitUpsideDown UIInterfaceOrientationLandscapeLeft UIInterfaceOrientationLandscapeRight";
				INFOPLIST_KEY_UISupportedInterfaceOrientations_iPhone = "UIInterfaceOrientationPortrait UIInterfaceOrientationLandscapeLeft UIInterfaceOrientationLandscapeRight";
				LD_RUNPATH_SEARCH_PATHS = (
					"$(inherited)",
					"@executable_path/Frameworks",
				);
				MARKETING_VERSION = 1.0;
				PRODUCT_BUNDLE_IDENTIFIER = shp.org.FinalProjectNicoRoss;
				PRODUCT_NAME = "$(TARGET_NAME)";
				SWIFT_EMIT_LOC_STRINGS = YES;
				SWIFT_VERSION = 5.0;
				TARGETED_DEVICE_FAMILY = "1,2";
			};
			name = Release;
		};
/* End XCBuildConfiguration section */

/* Begin XCConfigurationList section */
		A0E2C2B52A02F8E0003ED1FE /* Build configuration list for PBXProject "FinalProjectNicoRoss" */ = {
			isa = XCConfigurationList;
			buildConfigurations = (
				A0E2C2CC2A02F8E2003ED1FE /* Debug */,
				A0E2C2CD2A02F8E2003ED1FE /* Release */,
			);
			defaultConfigurationIsVisible = 0;
			defaultConfigurationName = Release;
		};
		A0E2C2CE2A02F8E2003ED1FE /* Build configuration list for PBXNativeTarget "FinalProjectNicoRoss" */ = {
			isa = XCConfigurationList;
			buildConfigurations = (
				A0E2C2CF2A02F8E2003ED1FE /* Debug */,
				A0E2C2D02A02F8E2003ED1FE /* Release */,
			);
			defaultConfigurationIsVisible = 0;
			defaultConfigurationName = Release;
		};
/* End XCConfigurationList section */
	};
	rootObject = A0E2C2B22A02F8E0003ED1FE /* Project object */;
}
